
Microsoft Visual Studio Solution File, Format Version 12.00
# Visual Studio Version 16
VisualStudioVersion = 16.0.29926.136
MinimumVisualStudioVersion = 10.0.40219.1
Project("{FAE04EC0-301F-11D3-BF4B-00C04F79EFBC}") = "CapaLogicaNegociosPizzza", "CapaLogicaNegociosPizzza\CapaLogicaNegociosPizzza.csproj", "{CB436F2D-9B33-428C-A9CA-74EBAEED46D4}"
EndProject
Project("{FAE04EC0-301F-11D3-BF4B-00C04F79EFBC}") = "CapaDatosPizzza", "CapaDatosPizzza\CapaDatosPizzza.csproj", "{1949EAAD-422F-4C57-9A71-96CD25D05DC9}"
EndProject
Project("{FAE04EC0-301F-11D3-BF4B-00C04F79EFBC}") = "CapaPresentacion", "CapaPresentacion\CapaPresentacion.csproj", "{D96BB033-88D2-4010-A03C-ABA3FD4A9E34}"
EndProject
Project("{FAE04EC0-301F-11D3-BF4B-00C04F79EFBC}") = "Comun", "Comun\Comun.csproj", "{08C8A0D6-DED1-4B37-8B81-E91B32EEACD0}"
EndProject
Global
	GlobalSection(SolutionConfigurationPlatforms) = preSolution
		Debug|Any CPU = Debug|Any CPU
		Release|Any CPU = Release|Any CPU
	EndGlobalSection
	GlobalSection(ProjectConfigurationPlatforms) = postSolution
		{CB436F2D-9B33-428C-A9CA-74EBAEED46D4}.Debug|Any CPU.ActiveCfg = Debug|Any CPU
		{CB436F2D-9B33-428C-A9CA-74EBAEED46D4}.Debug|Any CPU.Build.0 = Debug|Any CPU
		{CB436F2D-9B33-428C-A9CA-74EBAEED46D4}.Release|Any CPU.ActiveCfg = Release|Any CPU
		{CB436F2D-9B33-428C-A9CA-74EBAEED46D4}.Release|Any CPU.Build.0 = Release|Any CPU
		{1949EAAD-422F-4C57-9A71-96CD25D05DC9}.Debug|Any CPU.ActiveCfg = Debug|Any CPU
		{1949EAAD-422F-4C57-9A71-96CD25D05DC9}.Debug|Any CPU.Build.0 = Debug|Any CPU
		{1949EAAD-422F-4C57-9A71-96CD25D05DC9}.Release|Any CPU.ActiveCfg = Release|Any CPU
		{1949EAAD-422F-4C57-9A71-96CD25D05DC9}.Release|Any CPU.Build.0 = Release|Any CPU
		{D96BB033-88D2-4010-A03C-ABA3FD4A9E34}.Debug|Any CPU.ActiveCfg = Debug|Any CPU
		{D96BB033-88D2-4010-A03C-ABA3FD4A9E34}.Debug|Any CPU.Build.0 = Debug|Any CPU
		{D96BB033-88D2-4010-A03C-ABA3FD4A9E34}.Release|Any CPU.ActiveCfg = Release|Any CPU
		{D96BB033-88D2-4010-A03C-ABA3FD4A9E34}.Release|Any CPU.Build.0 = Release|Any CPU
		{08C8A0D6-DED1-4B37-8B81-E91B32EEACD0}.Debug|Any CPU.ActiveCfg = Debug|Any CPU
		{08C8A0D6-DED1-4B37-8B81-E91B32EEACD0}.Debug|Any CPU.Build.0 = Debug|Any CPU
		{08C8A0D6-DED1-4B37-8B81-E91B32EEACD0}.Release|Any CPU.ActiveCfg = Release|Any CPU
		{08C8A0D6-DED1-4B37-8B81-E91B32EEACD0}.Release|Any CPU.Build.0 = Release|Any CPU
	EndGlobalSection
	GlobalSection(SolutionProperties) = preSolution
		HideSolutionNode = FALSE
	EndGlobalSection
	GlobalSection(ExtensibilityGlobals) = postSolution
		SolutionGuid = {5B7E5744-71DE-4C2E-B0F7-04B41631C46F}
	EndGlobalSection
EndGlobal
